{
  "nodes": {
    "nixpkgs": {
      "locked": {
        "lastModified": 1731319897,
        "narHash": "sha256-PbABj4tnbWFMfBp6OcUK5iGy1QY+/Z96ZcLpooIbuEI=",
        "rev": "dc460ec76cbff0e66e269457d7b728432263166c",
        "revCount": 706477,
        "type": "tarball",
        "url": "https://api.flakehub.com/f/pinned/NixOS/nixpkgs/0.1.706477%2Brev-dc460ec76cbff0e66e269457d7b728432263166c/01932982-ec3a-7ecf-9466-c74a102f55d1/source.tar.gz"
      },
      "original": {
        "type": "tarball",
        "url": "https://flakehub.com/f/NixOS/nixpkgs/0.1.%2A.tar.gz"
      }
    },
    "root": {
      "inputs": {
        "nixpkgs": "nixpkgs",
        "rust-overlay": "rust-overlay"
      }
    },
    "rust-overlay": {
      "inputs": {
        "nixpkgs": [
          "nixpkgs"
        ]
      },
      "locked": {
        "lastModified": 1731724228,
        "narHash": "sha256-3R48B+BVeZ8IWsXF7TdRm441RsdJt21yQ5ZgxuNTXYc=",
        "owner": "oxalica",
        "repo": "rust-overlay",
        "rev": "f6c4c2a7b8969c2b172847b3ef474e0d3bd8bdce",
        "type": "github"
      },
      "original": {
        "owner": "oxalica",
        "repo": "rust-overlay",
        "type": "github"
      }
    }
  },
  "root": "root",
  "version": 7
}
